
Microsoft Visual Studio Solution File, Format Version 12.00
# Visual Studio Version 17
VisualStudioVersion = 17.8.34525.116
MinimumVisualStudioVersion = 10.0.40219.1
Project("{FAE04EC0-301F-11D3-BF4B-00C04F79EFBC}") = "PasswordGenWFA", "PasswordGenWFA\PasswordGenWFA.csproj", "{31291EB7-CBD3-44D6-AC49-3CCE2B48E935}"
EndProject
Global
	GlobalSection(SolutionConfigurationPlatforms) = preSolution
		Debug|Any CPU = Debug|Any CPU
		Release|Any CPU = Release|Any CPU
	EndGlobalSection
	GlobalSection(ProjectConfigurationPlatforms) = postSolution
		{31291EB7-CBD3-44D6-AC49-3CCE2B48E935}.Debug|Any CPU.ActiveCfg = Debug|Any CPU
		{31291EB7-CBD3-44D6-AC49-3CCE2B48E935}.Debug|Any CPU.Build.0 = Debug|Any CPU
		{31291EB7-CBD3-44D6-AC49-3CCE2B48E935}.Release|Any CPU.ActiveCfg = Release|Any CPU
		{31291EB7-CBD3-44D6-AC49-3CCE2B48E935}.Release|Any CPU.Build.0 = Release|Any CPU
	EndGlobalSection
	GlobalSection(SolutionProperties) = preSolution
		HideSolutionNode = FALSE
	EndGlobalSection
	GlobalSection(ExtensibilityGlobals) = postSolution
		SolutionGuid = {413E1277-D0A0-48EA-A016-3A2992DD0492}
	EndGlobalSection
EndGlobal
